
Microsoft Visual Studio Solution File, Format Version 12.00
# Visual Studio 2013
VisualStudioVersion = 12.0.31101.0
MinimumVisualStudioVersion = 10.0.40219.1
Project("{FAE04EC0-301F-11D3-BF4B-00C04F79EFBC}") = "CreateMongoDatabase", "CreateMongoDatabase\CreateMongoDatabase.csproj", "{FE787E9C-B994-4DFA-A46A-A9D229617ECC}"
EndProject
Project("{FAE04EC0-301F-11D3-BF4B-00C04F79EFBC}") = "Models.Mongo", "Models\Models.Mongo.csproj", "{CFC0A317-EC44-4D30-9181-0A47EBDD7980}"
EndProject
Project("{FAE04EC0-301F-11D3-BF4B-00C04F79EFBC}") = "Models.EF", "Models.EF\Models.EF.csproj", "{3B41ECED-3042-4254-8FC4-B3385F16CE8A}"
EndProject
Project("{FAE04EC0-301F-11D3-BF4B-00C04F79EFBC}") = "Data.EF", "Data.EF\Data.EF.csproj", "{928B71BA-87C1-425E-8F67-FFF003E0D7D6}"
EndProject
Project("{FAE04EC0-301F-11D3-BF4B-00C04F79EFBC}") = "MigrateMongoToMSSQL", "MigrateMongoToMSSQL\MigrateMongoToMSSQL.csproj", "{98A5967A-8A39-44CF-A7E6-A053B147A0CF}"
EndProject
Project("{FAE04EC0-301F-11D3-BF4B-00C04F79EFBC}") = "LoadDataFromXML", "LoadDataFromXML\LoadDataFromXML.csproj", "{0A5FEA71-25BA-44F3-987F-87F24BDEE8EB}"
EndProject
Project("{FAE04EC0-301F-11D3-BF4B-00C04F79EFBC}") = "ExcelReportReader", "ExcelDataReader\ExcelReportReader.csproj", "{3534CBEE-8EB5-4E14-B8CF-A4DE9EDA53D9}"
EndProject
Project("{FAE04EC0-301F-11D3-BF4B-00C04F79EFBC}") = "CreateXMLReport", "CreateXMLReport\CreateXMLReport.csproj", "{4F8BAC4A-9088-4D63-A36D-725EC5FABFE9}"
EndProject
Project("{FAE04EC0-301F-11D3-BF4B-00C04F79EFBC}") = "CreateJsonReport", "CreateJsonReport\CreateJsonReport.csproj", "{47A7EE9B-04DF-4959-A0D3-3F389DE31FCD}"
EndProject
Project("{FAE04EC0-301F-11D3-BF4B-00C04F79EFBC}") = "ReadStuff", "ReadStuff\ReadStuff.csproj", "{EE410041-7C6C-4AF6-A238-C2A174ED1893}"
EndProject
Project("{FAE04EC0-301F-11D3-BF4B-00C04F79EFBC}") = "PdfHandler", "PdfHandler\PdfHandler.csproj", "{33A6105E-864B-43E7-BAF9-A5ECEBC42556}"
EndProject
Global
	GlobalSection(SolutionConfigurationPlatforms) = preSolution
		Debug|Any CPU = Debug|Any CPU
		Release|Any CPU = Release|Any CPU
	EndGlobalSection
	GlobalSection(ProjectConfigurationPlatforms) = postSolution
		{FE787E9C-B994-4DFA-A46A-A9D229617ECC}.Debug|Any CPU.ActiveCfg = Debug|Any CPU
		{FE787E9C-B994-4DFA-A46A-A9D229617ECC}.Debug|Any CPU.Build.0 = Debug|Any CPU
		{FE787E9C-B994-4DFA-A46A-A9D229617ECC}.Release|Any CPU.ActiveCfg = Release|Any CPU
		{FE787E9C-B994-4DFA-A46A-A9D229617ECC}.Release|Any CPU.Build.0 = Release|Any CPU
		{CFC0A317-EC44-4D30-9181-0A47EBDD7980}.Debug|Any CPU.ActiveCfg = Debug|Any CPU
		{CFC0A317-EC44-4D30-9181-0A47EBDD7980}.Debug|Any CPU.Build.0 = Debug|Any CPU
		{CFC0A317-EC44-4D30-9181-0A47EBDD7980}.Release|Any CPU.ActiveCfg = Release|Any CPU
		{CFC0A317-EC44-4D30-9181-0A47EBDD7980}.Release|Any CPU.Build.0 = Release|Any CPU
		{3B41ECED-3042-4254-8FC4-B3385F16CE8A}.Debug|Any CPU.ActiveCfg = Debug|Any CPU
		{3B41ECED-3042-4254-8FC4-B3385F16CE8A}.Debug|Any CPU.Build.0 = Debug|Any CPU
		{3B41ECED-3042-4254-8FC4-B3385F16CE8A}.Release|Any CPU.ActiveCfg = Release|Any CPU
		{3B41ECED-3042-4254-8FC4-B3385F16CE8A}.Release|Any CPU.Build.0 = Release|Any CPU
		{928B71BA-87C1-425E-8F67-FFF003E0D7D6}.Debug|Any CPU.ActiveCfg = Debug|Any CPU
		{928B71BA-87C1-425E-8F67-FFF003E0D7D6}.Debug|Any CPU.Build.0 = Debug|Any CPU
		{928B71BA-87C1-425E-8F67-FFF003E0D7D6}.Release|Any CPU.ActiveCfg = Release|Any CPU
		{928B71BA-87C1-425E-8F67-FFF003E0D7D6}.Release|Any CPU.Build.0 = Release|Any CPU
		{98A5967A-8A39-44CF-A7E6-A053B147A0CF}.Debug|Any CPU.ActiveCfg = Debug|Any CPU
		{98A5967A-8A39-44CF-A7E6-A053B147A0CF}.Debug|Any CPU.Build.0 = Debug|Any CPU
		{98A5967A-8A39-44CF-A7E6-A053B147A0CF}.Release|Any CPU.ActiveCfg = Release|Any CPU
		{98A5967A-8A39-44CF-A7E6-A053B147A0CF}.Release|Any CPU.Build.0 = Release|Any CPU
		{0A5FEA71-25BA-44F3-987F-87F24BDEE8EB}.Debug|Any CPU.ActiveCfg = Debug|Any CPU
		{0A5FEA71-25BA-44F3-987F-87F24BDEE8EB}.Debug|Any CPU.Build.0 = Debug|Any CPU
		{0A5FEA71-25BA-44F3-987F-87F24BDEE8EB}.Release|Any CPU.ActiveCfg = Release|Any CPU
		{0A5FEA71-25BA-44F3-987F-87F24BDEE8EB}.Release|Any CPU.Build.0 = Release|Any CPU
		{3534CBEE-8EB5-4E14-B8CF-A4DE9EDA53D9}.Debug|Any CPU.ActiveCfg = Debug|Any CPU
		{3534CBEE-8EB5-4E14-B8CF-A4DE9EDA53D9}.Debug|Any CPU.Build.0 = Debug|Any CPU
		{3534CBEE-8EB5-4E14-B8CF-A4DE9EDA53D9}.Release|Any CPU.ActiveCfg = Release|Any CPU
		{3534CBEE-8EB5-4E14-B8CF-A4DE9EDA53D9}.Release|Any CPU.Build.0 = Release|Any CPU
		{4F8BAC4A-9088-4D63-A36D-725EC5FABFE9}.Debug|Any CPU.ActiveCfg = Debug|Any CPU
		{4F8BAC4A-9088-4D63-A36D-725EC5FABFE9}.Debug|Any CPU.Build.0 = Debug|Any CPU
		{4F8BAC4A-9088-4D63-A36D-725EC5FABFE9}.Release|Any CPU.ActiveCfg = Release|Any CPU
		{4F8BAC4A-9088-4D63-A36D-725EC5FABFE9}.Release|Any CPU.Build.0 = Release|Any CPU
		{47A7EE9B-04DF-4959-A0D3-3F389DE31FCD}.Debug|Any CPU.ActiveCfg = Debug|Any CPU
		{47A7EE9B-04DF-4959-A0D3-3F389DE31FCD}.Debug|Any CPU.Build.0 = Debug|Any CPU
		{47A7EE9B-04DF-4959-A0D3-3F389DE31FCD}.Release|Any CPU.ActiveCfg = Release|Any CPU
		{47A7EE9B-04DF-4959-A0D3-3F389DE31FCD}.Release|Any CPU.Build.0 = Release|Any CPU
		{EE410041-7C6C-4AF6-A238-C2A174ED1893}.Debug|Any CPU.ActiveCfg = Debug|Any CPU
		{EE410041-7C6C-4AF6-A238-C2A174ED1893}.Debug|Any CPU.Build.0 = Debug|Any CPU
		{EE410041-7C6C-4AF6-A238-C2A174ED1893}.Release|Any CPU.ActiveCfg = Release|Any CPU
		{EE410041-7C6C-4AF6-A238-C2A174ED1893}.Release|Any CPU.Build.0 = Release|Any CPU
		{33A6105E-864B-43E7-BAF9-A5ECEBC42556}.Debug|Any CPU.ActiveCfg = Debug|Any CPU
		{33A6105E-864B-43E7-BAF9-A5ECEBC42556}.Debug|Any CPU.Build.0 = Debug|Any CPU
		{33A6105E-864B-43E7-BAF9-A5ECEBC42556}.Release|Any CPU.ActiveCfg = Release|Any CPU
		{33A6105E-864B-43E7-BAF9-A5ECEBC42556}.Release|Any CPU.Build.0 = Release|Any CPU
	EndGlobalSection
	GlobalSection(SolutionProperties) = preSolution
		HideSolutionNode = FALSE
	EndGlobalSection
EndGlobal
